// !$*UTF8*$!
{
	archiveVersion = 1;
	classes = {
	};
	objectVersion = 50;
	objects = {

/* Begin PBXBuildFile section */
		89646DBB233DD61A003DE9F4 /* AppDelegate.swift in Sources */ = {isa = PBXBuildFile; fileRef = 89646DBA233DD61A003DE9F4 /* AppDelegate.swift */; };
		89646DC0233DD61A003DE9F4 /* Main.storyboard in Resources */ = {isa = PBXBuildFile; fileRef = 89646DBE233DD61A003DE9F4 /* Main.storyboard */; };
		89646DC2233DD61D003DE9F4 /* Assets.xcassets in Resources */ = {isa = PBXBuildFile; fileRef = 89646DC1233DD61D003DE9F4 /* Assets.xcassets */; };
		89646DC5233DD61D003DE9F4 /* LaunchScreen.storyboard in Resources */ = {isa = PBXBuildFile; fileRef = 89646DC3233DD61D003DE9F4 /* LaunchScreen.storyboard */; };
		89646DCD233DD6F6003DE9F4 /* AlbumListTableViewController.swift in Sources */ = {isa = PBXBuildFile; fileRef = 89646DCC233DD6F6003DE9F4 /* AlbumListTableViewController.swift */; };
		89646DD0233DD742003DE9F4 /* AlbumTableViewCell.swift in Sources */ = {isa = PBXBuildFile; fileRef = 89646DCE233DD742003DE9F4 /* AlbumTableViewCell.swift */; };
		89646DD1233DD742003DE9F4 /* AlbumTableViewCell.xib in Resources */ = {isa = PBXBuildFile; fileRef = 89646DCF233DD742003DE9F4 /* AlbumTableViewCell.xib */; };
		89646DD3233DD800003DE9F4 /* AlbumsDownloadHandler.swift in Sources */ = {isa = PBXBuildFile; fileRef = 89646DD2233DD800003DE9F4 /* AlbumsDownloadHandler.swift */; };
		89646DD5233DD823003DE9F4 /* ImageDownloadHandler.swift in Sources */ = {isa = PBXBuildFile; fileRef = 89646DD4233DD823003DE9F4 /* ImageDownloadHandler.swift */; };
		89646DD7233DDF14003DE9F4 /* AlbumDetailsViewController.swift in Sources */ = {isa = PBXBuildFile; fileRef = 89646DD6233DDF14003DE9F4 /* AlbumDetailsViewController.swift */; };
		89646DDF23400DC3003DE9F4 /* ImageDownloadTests.swift in Sources */ = {isa = PBXBuildFile; fileRef = 89646DDE23400DC3003DE9F4 /* ImageDownloadTests.swift */; };
		89646DF12341BA6C003DE9F4 /* AlbumsTests.swift in Sources */ = {isa = PBXBuildFile; fileRef = 89646DF02341BA6C003DE9F4 /* AlbumsTests.swift */; };
		89646DF92341BC08003DE9F4 /* test.json in Resources */ = {isa = PBXBuildFile; fileRef = 89646DF82341BC08003DE9F4 /* test.json */; };
/* End PBXBuildFile section */

/* Begin PBXContainerItemProxy section */
		89646DE123400DC3003DE9F4 /* PBXContainerItemProxy */ = {
			isa = PBXContainerItemProxy;
			containerPortal = 89646DAF233DD61A003DE9F4 /* Project object */;
			proxyType = 1;
			remoteGlobalIDString = 89646DB6233DD61A003DE9F4;
			remoteInfo = Albums;
		};
		89646DF32341BA6C003DE9F4 /* PBXContainerItemProxy */ = {
			isa = PBXContainerItemProxy;
			containerPortal = 89646DAF233DD61A003DE9F4 /* Project object */;
			proxyType = 1;
			remoteGlobalIDString = 89646DB6233DD61A003DE9F4;
			remoteInfo = Albums;
		};
/* End PBXContainerItemProxy section */

/* Begin PBXFileReference section */
		89646DB7233DD61A003DE9F4 /* Albums.app */ = {isa = PBXFileReference; explicitFileType = wrapper.application; includeInIndex = 0; path = Albums.app; sourceTree = BUILT_PRODUCTS_DIR; };
		89646DBA233DD61A003DE9F4 /* AppDelegate.swift */ = {isa = PBXFileReference; lastKnownFileType = sourcecode.swift; path = AppDelegate.swift; sourceTree = "<group>"; };
		89646DBF233DD61A003DE9F4 /* Base */ = {isa = PBXFileReference; lastKnownFileType = file.storyboard; name = Base; path = Base.lproj/Main.storyboard; sourceTree = "<group>"; };
		89646DC1233DD61D003DE9F4 /* Assets.xcassets */ = {isa = PBXFileReference; lastKnownFileType = folder.assetcatalog; path = Assets.xcassets; sourceTree = "<group>"; };
		89646DC4233DD61D003DE9F4 /* Base */ = {isa = PBXFileReference; lastKnownFileType = file.storyboard; name = Base; path = Base.lproj/LaunchScreen.storyboard; sourceTree = "<group>"; };
		89646DC6233DD61D003DE9F4 /* Info.plist */ = {isa = PBXFileReference; lastKnownFileType = text.plist.xml; path = Info.plist; sourceTree = "<group>"; };
		89646DCC233DD6F6003DE9F4 /* AlbumListTableViewController.swift */ = {isa = PBXFileReference; lastKnownFileType = sourcecode.swift; path = AlbumListTableViewController.swift; sourceTree = "<group>"; };
		89646DCE233DD742003DE9F4 /* AlbumTableViewCell.swift */ = {isa = PBXFileReference; lastKnownFileType = sourcecode.swift; path = AlbumTableViewCell.swift; sourceTree = "<group>"; };
		89646DCF233DD742003DE9F4 /* AlbumTableViewCell.xib */ = {isa = PBXFileReference; lastKnownFileType = file.xib; path = AlbumTableViewCell.xib; sourceTree = "<group>"; };
		89646DD2233DD800003DE9F4 /* AlbumsDownloadHandler.swift */ = {isa = PBXFileReference; lastKnownFileType = sourcecode.swift; path = AlbumsDownloadHandler.swift; sourceTree = "<group>"; };
		89646DD4233DD823003DE9F4 /* ImageDownloadHandler.swift */ = {isa = PBXFileReference; lastKnownFileType = sourcecode.swift; path = ImageDownloadHandler.swift; sourceTree = "<group>"; };
		89646DD6233DDF14003DE9F4 /* AlbumDetailsViewController.swift */ = {isa = PBXFileReference; lastKnownFileType = sourcecode.swift; path = AlbumDetailsViewController.swift; sourceTree = "<group>"; };
		89646DDC23400DC3003DE9F4 /* ImageDownloadTests.xctest */ = {isa = PBXFileReference; explicitFileType = wrapper.cfbundle; includeInIndex = 0; path = ImageDownloadTests.xctest; sourceTree = BUILT_PRODUCTS_DIR; };
		89646DDE23400DC3003DE9F4 /* ImageDownloadTests.swift */ = {isa = PBXFileReference; lastKnownFileType = sourcecode.swift; path = ImageDownloadTests.swift; sourceTree = "<group>"; };
		89646DE023400DC3003DE9F4 /* Info.plist */ = {isa = PBXFileReference; lastKnownFileType = text.plist.xml; path = Info.plist; sourceTree = "<group>"; };
		89646DEE2341BA6C003DE9F4 /* AlbumsTests.xctest */ = {isa = PBXFileReference; explicitFileType = wrapper.cfbundle; includeInIndex = 0; path = AlbumsTests.xctest; sourceTree = BUILT_PRODUCTS_DIR; };
		89646DF02341BA6C003DE9F4 /* AlbumsTests.swift */ = {isa = PBXFileReference; lastKnownFileType = sourcecode.swift; path = AlbumsTests.swift; sourceTree = "<group>"; };
		89646DF22341BA6C003DE9F4 /* Info.plist */ = {isa = PBXFileReference; lastKnownFileType = text.plist.xml; path = Info.plist; sourceTree = "<group>"; };
		89646DF82341BC08003DE9F4 /* test.json */ = {isa = PBXFileReference; fileEncoding = 4; lastKnownFileType = text.json; path = test.json; sourceTree = "<group>"; };
/* End PBXFileReference section */

/* Begin PBXFrameworksBuildPhase section */
		89646DB4233DD61A003DE9F4 /* Frameworks */ = {
			isa = PBXFrameworksBuildPhase;
			buildActionMask = 2147483647;
			files = (
			);
			runOnlyForDeploymentPostprocessing = 0;
		};
		89646DD923400DC3003DE9F4 /* Frameworks */ = {
			isa = PBXFrameworksBuildPhase;
			buildActionMask = 2147483647;
			files = (
			);
			runOnlyForDeploymentPostprocessing = 0;
		};
		89646DEB2341BA6C003DE9F4 /* Frameworks */ = {
			isa = PBXFrameworksBuildPhase;
			buildActionMask = 2147483647;
			files = (
			);
			runOnlyForDeploymentPostprocessing = 0;
		};
/* End PBXFrameworksBuildPhase section */

/* Begin PBXGroup section */
		89646DAE233DD61A003DE9F4 = {
			isa = PBXGroup;
			children = (
				89646DB9233DD61A003DE9F4 /* Albums */,
				89646DDD23400DC3003DE9F4 /* ImageDownloadTests */,
				89646DEF2341BA6C003DE9F4 /* AlbumsTests */,
				89646DB8233DD61A003DE9F4 /* Products */,
			);
			sourceTree = "<group>";
		};
		89646DB8233DD61A003DE9F4 /* Products */ = {
			isa = PBXGroup;
			children = (
				89646DB7233DD61A003DE9F4 /* Albums.app */,
				89646DDC23400DC3003DE9F4 /* ImageDownloadTests.xctest */,
				89646DEE2341BA6C003DE9F4 /* AlbumsTests.xctest */,
			);
			name = Products;
			sourceTree = "<group>";
		};
		89646DB9233DD61A003DE9F4 /* Albums */ = {
			isa = PBXGroup;
			children = (
				89646DBA233DD61A003DE9F4 /* AppDelegate.swift */,
				89646DBE233DD61A003DE9F4 /* Main.storyboard */,
				89646DCC233DD6F6003DE9F4 /* AlbumListTableViewController.swift */,
				89646DCE233DD742003DE9F4 /* AlbumTableViewCell.swift */,
				89646DCF233DD742003DE9F4 /* AlbumTableViewCell.xib */,
				89646DD6233DDF14003DE9F4 /* AlbumDetailsViewController.swift */,
				89646DD2233DD800003DE9F4 /* AlbumsDownloadHandler.swift */,
				89646DD4233DD823003DE9F4 /* ImageDownloadHandler.swift */,
				89646DC1233DD61D003DE9F4 /* Assets.xcassets */,
				89646DC3233DD61D003DE9F4 /* LaunchScreen.storyboard */,
				89646DC6233DD61D003DE9F4 /* Info.plist */,
			);
			path = Albums;
			sourceTree = "<group>";
		};
		89646DDD23400DC3003DE9F4 /* ImageDownloadTests */ = {
			isa = PBXGroup;
			children = (
				89646DDE23400DC3003DE9F4 /* ImageDownloadTests.swift */,
				89646DE023400DC3003DE9F4 /* Info.plist */,
			);
			path = ImageDownloadTests;
			sourceTree = "<group>";
		};
		89646DEF2341BA6C003DE9F4 /* AlbumsTests */ = {
			isa = PBXGroup;
			children = (
				89646DF82341BC08003DE9F4 /* test.json */,
				89646DF02341BA6C003DE9F4 /* AlbumsTests.swift */,
				89646DF22341BA6C003DE9F4 /* Info.plist */,
			);
			path = AlbumsTests;
			sourceTree = "<group>";
		};
/* End PBXGroup section */

/* Begin PBXNativeTarget section */
		89646DB6233DD61A003DE9F4 /* Albums */ = {
			isa = PBXNativeTarget;
			buildConfigurationList = 89646DC9233DD61D003DE9F4 /* Build configuration list for PBXNativeTarget "Albums" */;
			buildPhases = (
				89646DB3233DD61A003DE9F4 /* Sources */,
				89646DB4233DD61A003DE9F4 /* Frameworks */,
				89646DB5233DD61A003DE9F4 /* Resources */,
			);
			buildRules = (
			);
			dependencies = (
			);
			name = Albums;
			productName = Albums;
			productReference = 89646DB7233DD61A003DE9F4 /* Albums.app */;
			productType = "com.apple.product-type.application";
		};
		89646DDB23400DC3003DE9F4 /* ImageDownloadTests */ = {
			isa = PBXNativeTarget;
			buildConfigurationList = 89646DE323400DC4003DE9F4 /* Build configuration list for PBXNativeTarget "ImageDownloadTests" */;
			buildPhases = (
				89646DD823400DC3003DE9F4 /* Sources */,
				89646DD923400DC3003DE9F4 /* Frameworks */,
				89646DDA23400DC3003DE9F4 /* Resources */,
			);
			buildRules = (
			);
			dependencies = (
				89646DE223400DC3003DE9F4 /* PBXTargetDependency */,
			);
			name = ImageDownloadTests;
			productName = ImageDownloadTests;
			productReference = 89646DDC23400DC3003DE9F4 /* ImageDownloadTests.xctest */;
			productType = "com.apple.product-type.bundle.unit-test";
		};
		89646DED2341BA6C003DE9F4 /* AlbumsTests */ = {
			isa = PBXNativeTarget;
			buildConfigurationList = 89646DF52341BA6C003DE9F4 /* Build configuration list for PBXNativeTarget "AlbumsTests" */;
			buildPhases = (
				89646DEA2341BA6C003DE9F4 /* Sources */,
				89646DEB2341BA6C003DE9F4 /* Frameworks */,
				89646DEC2341BA6C003DE9F4 /* Resources */,
			);
			buildRules = (
			);
			dependencies = (
				89646DF42341BA6C003DE9F4 /* PBXTargetDependency */,
			);
			name = AlbumsTests;
			productName = AlbumsTests;
			productReference = 89646DEE2341BA6C003DE9F4 /* AlbumsTests.xctest */;
			productType = "com.apple.product-type.bundle.unit-test";
		};
/* End PBXNativeTarget section */

/* Begin PBXProject section */
		89646DAF233DD61A003DE9F4 /* Project object */ = {
			isa = PBXProject;
			attributes = {
				LastSwiftUpdateCheck = 1020;
				LastUpgradeCheck = 1020;
				ORGANIZATIONNAME = "Ahmed Moussa";
				TargetAttributes = {
					89646DB6233DD61A003DE9F4 = {
						CreatedOnToolsVersion = 10.2.1;
					};
					89646DDB23400DC3003DE9F4 = {
						CreatedOnToolsVersion = 10.2.1;
						TestTargetID = 89646DB6233DD61A003DE9F4;
					};
					89646DED2341BA6C003DE9F4 = {
						CreatedOnToolsVersion = 10.2.1;
						TestTargetID = 89646DB6233DD61A003DE9F4;
					};
				};
			};
			buildConfigurationList = 89646DB2233DD61A003DE9F4 /* Build configuration list for PBXProject "Albums" */;
			compatibilityVersion = "Xcode 9.3";
			developmentRegion = en;
			hasScannedForEncodings = 0;
			knownRegions = (
				en,
				Base,
			);
			mainGroup = 89646DAE233DD61A003DE9F4;
			productRefGroup = 89646DB8233DD61A003DE9F4 /* Products */;
			projectDirPath = "";
			projectRoot = "";
			targets = (
				89646DB6233DD61A003DE9F4 /* Albums */,
				89646DDB23400DC3003DE9F4 /* ImageDownloadTests */,
				89646DED2341BA6C003DE9F4 /* AlbumsTests */,
			);
		};
/* End PBXProject section */

/* Begin PBXResourcesBuildPhase section */
		89646DB5233DD61A003DE9F4 /* Resources */ = {
			isa = PBXResourcesBuildPhase;
			buildActionMask = 2147483647;
			files = (
				89646DC5233DD61D003DE9F4 /* LaunchScreen.storyboard in Resources */,
				89646DC2233DD61D003DE9F4 /* Assets.xcassets in Resources */,
				89646DC0233DD61A003DE9F4 /* Main.storyboard in Resources */,
				89646DD1233DD742003DE9F4 /* AlbumTableViewCell.xib in Resources */,
			);
			runOnlyForDeploymentPostprocessing = 0;
		};
		89646DDA23400DC3003DE9F4 /* Resources */ = {
			isa = PBXResourcesBuildPhase;
			buildActionMask = 2147483647;
			files = (
			);
			runOnlyForDeploymentPostprocessing = 0;
		};
		89646DEC2341BA6C003DE9F4 /* Resources */ = {
			isa = PBXResourcesBuildPhase;
			buildActionMask = 2147483647;
			files = (
				89646DF92341BC08003DE9F4 /* test.json in Resources */,
			);
			runOnlyForDeploymentPostprocessing = 0;
		};
/* End PBXResourcesBuildPhase section */

/* Begin PBXSourcesBuildPhase section */
		89646DB3233DD61A003DE9F4 /* Sources */ = {
			isa = PBXSourcesBuildPhase;
			buildActionMask = 2147483647;
			files = (
				89646DD3233DD800003DE9F4 /* AlbumsDownloadHandler.swift in Sources */,
				89646DD5233DD823003DE9F4 /* ImageDownloadHandler.swift in Sources */,
				89646DCD233DD6F6003DE9F4 /* AlbumListTableViewController.swift in Sources */,
				89646DBB233DD61A003DE9F4 /* AppDelegate.swift in Sources */,
				89646DD7233DDF14003DE9F4 /* AlbumDetailsViewController.swift in Sources */,
				89646DD0233DD742003DE9F4 /* AlbumTableViewCell.swift in Sources */,
			);
			runOnlyForDeploymentPostprocessing = 0;
		};
		89646DD823400DC3003DE9F4 /* Sources */ = {
			isa = PBXSourcesBuildPhase;
			buildActionMask = 2147483647;
			files = (
				89646DDF23400DC3003DE9F4 /* ImageDownloadTests.swift in Sources */,
			);
			runOnlyForDeploymentPostprocessing = 0;
		};
		89646DEA2341BA6C003DE9F4 /* Sources */ = {
			isa = PBXSourcesBuildPhase;
			buildActionMask = 2147483647;
			files = (
				89646DF12341BA6C003DE9F4 /* AlbumsTests.swift in Sources */,
			);
			runOnlyForDeploymentPostprocessing = 0;
		};
/* End PBXSourcesBuildPhase section */

/* Begin PBXTargetDependency section */
		89646DE223400DC3003DE9F4 /* PBXTargetDependency */ = {
			isa = PBXTargetDependency;
			target = 89646DB6233DD61A003DE9F4 /* Albums */;
			targetProxy = 89646DE123400DC3003DE9F4 /* PBXContainerItemProxy */;
		};
		89646DF42341BA6C003DE9F4 /* PBXTargetDependency */ = {
			isa = PBXTargetDependency;
			target = 89646DB6233DD61A003DE9F4 /* Albums */;
			targetProxy = 89646DF32341BA6C003DE9F4 /* PBXContainerItemProxy */;
		};
/* End PBXTargetDependency section */

/* Begin PBXVariantGroup section */
		89646DBE233DD61A003DE9F4 /* Main.storyboard */ = {
			isa = PBXVariantGroup;
			children = (
				89646DBF233DD61A003DE9F4 /* Base */,
			);
			name = Main.storyboard;
			sourceTree = "<group>";
		};
		89646DC3233DD61D003DE9F4 /* LaunchScreen.storyboard */ = {
			isa = PBXVariantGroup;
			children = (
				89646DC4233DD61D003DE9F4 /* Base */,
			);
			name = LaunchScreen.storyboard;
			sourceTree = "<group>";
		};
/* End PBXVariantGroup section */

/* Begin XCBuildConfiguration section */
		89646DC7233DD61D003DE9F4 /* Debug */ = {
			isa = XCBuildConfiguration;
			buildSettings = {
				ALWAYS_SEARCH_USER_PATHS = NO;
				CLANG_ANALYZER_NONNULL = YES;
				CLANG_ANALYZER_NUMBER_OBJECT_CONVERSION = YES_AGGRESSIVE;
				CLANG_CXX_LANGUAGE_STANDARD = "gnu++14";
				CLANG_CXX_LIBRARY = "libc++";
				CLANG_ENABLE_MODULES = YES;
				CLANG_ENABLE_OBJC_ARC = YES;
				CLANG_ENABLE_OBJC_WEAK = YES;
				CLANG_WARN_BLOCK_CAPTURE_AUTORELEASING = YES;
				CLANG_WARN_BOOL_CONVERSION = YES;
				CLANG_WARN_COMMA = YES;
				CLANG_WARN_CONSTANT_CONVERSION = YES;
				CLANG_WARN_DEPRECATED_OBJC_IMPLEMENTATIONS = YES;
				CLANG_WARN_DIRECT_OBJC_ISA_USAGE = YES_ERROR;
				CLANG_WARN_DOCUMENTATION_COMMENTS = YES;
				CLANG_WARN_EMPTY_BODY = YES;
				CLANG_WARN_ENUM_CONVERSION = YES;
				CLANG_WARN_INFINITE_RECURSION = YES;
				CLANG_WARN_INT_CONVERSION = YES;
				CLANG_WARN_NON_LITERAL_NULL_CONVERSION = YES;
				CLANG_WARN_OBJC_IMPLICIT_RETAIN_SELF = YES;
				CLANG_WARN_OBJC_LITERAL_CONVERSION = YES;
				CLANG_WARN_OBJC_ROOT_CLASS = YES_ERROR;
				CLANG_WARN_RANGE_LOOP_ANALYSIS = YES;
				CLANG_WARN_STRICT_PROTOTYPES = YES;
				CLANG_WARN_SUSPICIOUS_MOVE = YES;
				CLANG_WARN_UNGUARDED_AVAILABILITY = YES_AGGRESSIVE;
				CLANG_WARN_UNREACHABLE_CODE = YES;
				CLANG_WARN__DUPLICATE_METHOD_MATCH = YES;
				CODE_SIGN_IDENTITY = "iPhone Developer";
				COPY_PHASE_STRIP = NO;
				DEBUG_INFORMATION_FORMAT = dwarf;
				ENABLE_STRICT_OBJC_MSGSEND = YES;
				ENABLE_TESTABILITY = YES;
				GCC_C_LANGUAGE_STANDARD = gnu11;
				GCC_DYNAMIC_NO_PIC = NO;
				GCC_NO_COMMON_BLOCKS = YES;
				GCC_OPTIMIZATION_LEVEL = 0;
				GCC_PREPROCESSOR_DEFINITIONS = (
					"DEBUG=1",
					"$(inherited)",
				);
				GCC_WARN_64_TO_32_BIT_CONVERSION = YES;
				GCC_WARN_ABOUT_RETURN_TYPE = YES_ERROR;
				GCC_WARN_UNDECLARED_SELECTOR = YES;
				GCC_WARN_UNINITIALIZED_AUTOS = YES_AGGRESSIVE;
				GCC_WARN_UNUSED_FUNCTION = YES;
				GCC_WARN_UNUSED_VARIABLE = YES;
				IPHONEOS_DEPLOYMENT_TARGET = 12.2;
				MTL_ENABLE_DEBUG_INFO = INCLUDE_SOURCE;
				MTL_FAST_MATH = YES;
				ONLY_ACTIVE_ARCH = YES;
				SDKROOT = iphoneos;
				SWIFT_ACTIVE_COMPILATION_CONDITIONS = DEBUG;
				SWIFT_OPTIMIZATION_LEVEL = "-Onone";
			};
			name = Debug;
		};
		89646DC8233DD61D003DE9F4 /* Release */ = {
			isa = XCBuildConfiguration;
			buildSettings = {
				ALWAYS_SEARCH_USER_PATHS = NO;
				CLANG_ANALYZER_NONNULL = YES;
				CLANG_ANALYZER_NUMBER_OBJECT_CONVERSION = YES_AGGRESSIVE;
				CLANG_CXX_LANGUAGE_STANDARD = "gnu++14";
				CLANG_CXX_LIBRARY = "libc++";
				CLANG_ENABLE_MODULES = YES;
				CLANG_ENABLE_OBJC_ARC = YES;
				CLANG_ENABLE_OBJC_WEAK = YES;
				CLANG_WARN_BLOCK_CAPTURE_AUTORELEASING = YES;
				CLANG_WARN_BOOL_CONVERSION = YES;
				CLANG_WARN_COMMA = YES;
				CLANG_WARN_CONSTANT_CONVERSION = YES;
				CLANG_WARN_DEPRECATED_OBJC_IMPLEMENTATIONS = YES;
				CLANG_WARN_DIRECT_OBJC_ISA_USAGE = YES_ERROR;
				CLANG_WARN_DOCUMENTATION_COMMENTS = YES;
				CLANG_WARN_EMPTY_BODY = YES;
				CLANG_WARN_ENUM_CONVERSION = YES;
				CLANG_WARN_INFINITE_RECURSION = YES;
				CLANG_WARN_INT_CONVERSION = YES;
				CLANG_WARN_NON_LITERAL_NULL_CONVERSION = YES;
				CLANG_WARN_OBJC_IMPLICIT_RETAIN_SELF = YES;
				CLANG_WARN_OBJC_LITERAL_CONVERSION = YES;
				CLANG_WARN_OBJC_ROOT_CLASS = YES_ERROR;
				CLANG_WARN_RANGE_LOOP_ANALYSIS = YES;
				CLANG_WARN_STRICT_PROTOTYPES = YES;
				CLANG_WARN_SUSPICIOUS_MOVE = YES;
				CLANG_WARN_UNGUARDED_AVAILABILITY = YES_AGGRESSIVE;
				CLANG_WARN_UNREACHABLE_CODE = YES;
				CLANG_WARN__DUPLICATE_METHOD_MATCH = YES;
				CODE_SIGN_IDENTITY = "iPhone Developer";
				COPY_PHASE_STRIP = NO;
				DEBUG_INFORMATION_FORMAT = "dwarf-with-dsym";
				ENABLE_NS_ASSERTIONS = NO;
				ENABLE_STRICT_OBJC_MSGSEND = YES;
				GCC_C_LANGUAGE_STANDARD = gnu11;
				GCC_NO_COMMON_BLOCKS = YES;
				GCC_WARN_64_TO_32_BIT_CONVERSION = YES;
				GCC_WARN_ABOUT_RETURN_TYPE = YES_ERROR;
				GCC_WARN_UNDECLARED_SELECTOR = YES;
				GCC_WARN_UNINITIALIZED_AUTOS = YES_AGGRESSIVE;
				GCC_WARN_UNUSED_FUNCTION = YES;
				GCC_WARN_UNUSED_VARIABLE = YES;
				IPHONEOS_DEPLOYMENT_TARGET = 12.2;
				MTL_ENABLE_DEBUG_INFO = NO;
				MTL_FAST_MATH = YES;
				SDKROOT = iphoneos;
				SWIFT_COMPILATION_MODE = wholemodule;
				SWIFT_OPTIMIZATION_LEVEL = "-O";
				VALIDATE_PRODUCT = YES;
			};
			name = Release;
		};
		89646DCA233DD61D003DE9F4 /* Debug */ = {
			isa = XCBuildConfiguration;
			buildSettings = {
				ASSETCATALOG_COMPILER_APPICON_NAME = AppIcon;
				CODE_SIGN_STYLE = Automatic;
				DEVELOPMENT_TEAM = C39656PGLG;
				INFOPLIST_FILE = Albums/Info.plist;
				LD_RUNPATH_SEARCH_PATHS = (
					"$(inherited)",
					"@executable_path/Frameworks",
				);
				PRODUCT_BUNDLE_IDENTIFIER = com.aomoussa.Albums;
				PRODUCT_NAME = "$(TARGET_NAME)";
				SWIFT_VERSION = 5.0;
				TARGETED_DEVICE_FAMILY = "1,2";
			};
			name = Debug;
		};
		89646DCB233DD61D003DE9F4 /* Release */ = {
			isa = XCBuildConfiguration;
			buildSettings = {
				ASSETCATALOG_COMPILER_APPICON_NAME = AppIcon;
				CODE_SIGN_STYLE = Automatic;
				DEVELOPMENT_TEAM = C39656PGLG;
				INFOPLIST_FILE = Albums/Info.plist;
				LD_RUNPATH_SEARCH_PATHS = (
					"$(inherited)",
					"@executable_path/Frameworks",
				);
				PRODUCT_BUNDLE_IDENTIFIER = com.aomoussa.Albums;
				PRODUCT_NAME = "$(TARGET_NAME)";
				SWIFT_VERSION = 5.0;
				TARGETED_DEVICE_FAMILY = "1,2";
			};
			name = Release;
		};
		89646DE423400DC4003DE9F4 /* Debug */ = {
			isa = XCBuildConfiguration;
			buildSettings = {
				BUNDLE_LOADER = "$(TEST_HOST)";
				CODE_SIGN_STYLE = Automatic;
				DEVELOPMENT_TEAM = C39656PGLG;
				INFOPLIST_FILE = ImageDownloadTests/Info.plist;
				LD_RUNPATH_SEARCH_PATHS = (
					"$(inherited)",
					"@executable_path/Frameworks",
					"@loader_path/Frameworks",
				);
				PRODUCT_BUNDLE_IDENTIFIER = com.aomoussa.ImageDownloadTests;
				PRODUCT_NAME = "$(TARGET_NAME)";
				SWIFT_VERSION = 5.0;
				TARGETED_DEVICE_FAMILY = "1,2";
				TEST_HOST = "$(BUILT_PRODUCTS_DIR)/Albums.app/Albums";
			};
			name = Debug;
		};
		89646DE523400DC4003DE9F4 /* Release */ = {
			isa = XCBuildConfiguration;
			buildSettings = {
				BUNDLE_LOADER = "$(TEST_HOST)";
				CODE_SIGN_STYLE = Automatic;
				DEVELOPMENT_TEAM = C39656PGLG;
				INFOPLIST_FILE = ImageDownloadTests/Info.plist;
				LD_RUNPATH_SEARCH_PATHS = (
					"$(inherited)",
					"@executable_path/Frameworks",
					"@loader_path/Frameworks",
				);
				PRODUCT_BUNDLE_IDENTIFIER = com.aomoussa.ImageDownloadTests;
				PRODUCT_NAME = "$(TARGET_NAME)";
				SWIFT_VERSION = 5.0;
				TARGETED_DEVICE_FAMILY = "1,2";
				TEST_HOST = "$(BUILT_PRODUCTS_DIR)/Albums.app/Albums";
			};
			name = Release;
		};
		89646DF62341BA6C003DE9F4 /* Debug */ = {
			isa = XCBuildConfiguration;
			buildSettings = {
				BUNDLE_LOADER = "$(TEST_HOST)";
				CODE_SIGN_STYLE = Automatic;
				DEVELOPMENT_TEAM = C39656PGLG;
				INFOPLIST_FILE = AlbumsTests/Info.plist;
				LD_RUNPATH_SEARCH_PATHS = (
					"$(inherited)",
					"@executable_path/Frameworks",
					"@loader_path/Frameworks",
				);
				PRODUCT_BUNDLE_IDENTIFIER = com.aomoussa.AlbumsTests;
				PRODUCT_NAME = "$(TARGET_NAME)";
				SWIFT_VERSION = 5.0;
				TARGETED_DEVICE_FAMILY = "1,2";
				TEST_HOST = "$(BUILT_PRODUCTS_DIR)/Albums.app/Albums";
			};
			name = Debug;
		};
		89646DF72341BA6C003DE9F4 /* Release */ = {
			isa = XCBuildConfiguration;
			buildSettings = {
				BUNDLE_LOADER = "$(TEST_HOST)";
				CODE_SIGN_STYLE = Automatic;
				DEVELOPMENT_TEAM = C39656PGLG;
				INFOPLIST_FILE = AlbumsTests/Info.plist;
				LD_RUNPATH_SEARCH_PATHS = (
					"$(inherited)",
					"@executable_path/Frameworks",
					"@loader_path/Frameworks",
				);
				PRODUCT_BUNDLE_IDENTIFIER = com.aomoussa.AlbumsTests;
				PRODUCT_NAME = "$(TARGET_NAME)";
				SWIFT_VERSION = 5.0;
				TARGETED_DEVICE_FAMILY = "1,2";
				TEST_HOST = "$(BUILT_PRODUCTS_DIR)/Albums.app/Albums";
			};
			name = Release;
		};
/* End XCBuildConfiguration section */

/* Begin XCConfigurationList section */
		89646DB2233DD61A003DE9F4 /* Build configuration list for PBXProject "Albums" */ = {
			isa = XCConfigurationList;
			buildConfigurations = (
				89646DC7233DD61D003DE9F4 /* Debug */,
				89646DC8233DD61D003DE9F4 /* Release */,
			);
			defaultConfigurationIsVisible = 0;
			defaultConfigurationName = Release;
		};
		89646DC9233DD61D003DE9F4 /* Build configuration list for PBXNativeTarget "Albums" */ = {
			isa = XCConfigurationList;
			buildConfigurations = (
				89646DCA233DD61D003DE9F4 /* Debug */,
				89646DCB233DD61D003DE9F4 /* Release */,
			);
			defaultConfigurationIsVisible = 0;
			defaultConfigurationName = Release;
		};
		89646DE323400DC4003DE9F4 /* Build configuration list for PBXNativeTarget "ImageDownloadTests" */ = {
			isa = XCConfigurationList;
			buildConfigurations = (
				89646DE423400DC4003DE9F4 /* Debug */,
				89646DE523400DC4003DE9F4 /* Release */,
			);
			defaultConfigurationIsVisible = 0;
			defaultConfigurationName = Release;
		};
		89646DF52341BA6C003DE9F4 /* Build configuration list for PBXNativeTarget "AlbumsTests" */ = {
			isa = XCConfigurationList;
			buildConfigurations = (
				89646DF62341BA6C003DE9F4 /* Debug */,
				89646DF72341BA6C003DE9F4 /* Release */,
			);
			defaultConfigurationIsVisible = 0;
			defaultConfigurationName = Release;
		};
/* End XCConfigurationList section */
	};
	rootObject = 89646DAF233DD61A003DE9F4 /* Project object */;
}
